
Microsoft Visual Studio Solution File, Format Version 12.00
# Visual Studio 15
VisualStudioVersion = 15.0.28307.705
MinimumVisualStudioVersion = 10.0.40219.1
Project("{FAE04EC0-301F-11D3-BF4B-00C04F79EFBC}") = "FoodTracker", "FoodTracker\FoodTracker.csproj", "{2383D602-06F1-4995-8A86-9FB0451E9D1E}"
EndProject
Global
	GlobalSection(SolutionConfigurationPlatforms) = preSolution
		Debug|Any CPU = Debug|Any CPU
		Release|Any CPU = Release|Any CPU
	EndGlobalSection
	GlobalSection(ProjectConfigurationPlatforms) = postSolution
		{2383D602-06F1-4995-8A86-9FB0451E9D1E}.Debug|Any CPU.ActiveCfg = Debug|Any CPU
		{2383D602-06F1-4995-8A86-9FB0451E9D1E}.Debug|Any CPU.Build.0 = Debug|Any CPU
		{2383D602-06F1-4995-8A86-9FB0451E9D1E}.Release|Any CPU.ActiveCfg = Release|Any CPU
		{2383D602-06F1-4995-8A86-9FB0451E9D1E}.Release|Any CPU.Build.0 = Release|Any CPU
	EndGlobalSection
	GlobalSection(SolutionProperties) = preSolution
		HideSolutionNode = FALSE
	EndGlobalSection
	GlobalSection(ExtensibilityGlobals) = postSolution
		SolutionGuid = {B4810021-369B-4FFF-8D95-968C61397181}
	EndGlobalSection
EndGlobal
